{
  "name": "okx-bot",
  "lockfileVersion": 3,
  "requires": true,
  "packages": {
    "": {
      "dependencies": {
        "oh-my-opencode-windows-x64": "^4.11.0"
      }
    },
    "node_modules/oh-my-opencode-windows-x64": {
      "version": "4.11.0",
      "resolved": "https://registry.npmmirror.com/oh-my-opencode-windows-x64/-/oh-my-opencode-windows-x64-4.11.0.tgz",
      "integrity": "sha512-UzFeqQd52Cv06wQcHrJ9v96tN+6WToZiBmsq1FNNwBXPPDVJDmh5grUpFVMPbtoBoe3dOjfGXwtJUW1CLtjdMQ==",
      "cpu": [
        "x64"
      ],
      "license": "MIT",
      "os": [
        "win32"
      ]
    }
  }
}
